# This file is autogenerated, do not edit; changes may be undone by the next 'dep ensure'.


[[projects]]
  name = "github.com/davecgh/go-spew"
  packages = ["spew"]
  revision = "346938d642f2ec3594ed81d874461961cd0faa76"
  version = "v1.1.0"

[[projects]]
  name = "github.com/gogo/protobuf"
  packages = [
    "proto",
    "protoc-gen-gogo/descriptor"
  ]
  revision = "342cbe0a04158f6dcb03ca0079991a51a4248c02"
  version = "v0.5"

[[projects]]
  branch = "master"
  name = "github.com/golang/protobuf"
  packages = [
    "proto",
    "protoc-gen-go/descriptor",
    "ptypes",
    "ptypes/any",
    "ptypes/duration",
    "ptypes/timestamp"
  ]
  revision = "1e59b77b52bf8e4b449a57e6f79f21226d571845"

[[projects]]
  branch = "master"
  name = "github.com/mwitkow/go-proto-validators"
  packages = ["."]
  revision = "a55ca57f374a8846924b030f534d8b8211508cf0"

[[projects]]
  name = "github.com/pmezard/go-difflib"
  packages = ["difflib"]
  revision = "792786c7400a136282c1664665ae0a8db921c6c2"
  version = "v1.0.0"

[[projects]]
  name = "github.com/stretchr/testify"
  packages = ["assert"]
  revision = "b91bfb9ebec76498946beb6af7c0230c7cc7ba6c"
  version = "v1.2.0"

[[projects]]
  branch = "master"
  name = "golang.org/x/net"
  packages = [
    "context",
    "http2",
    "http2/hpack",
    "idna",
    "internal/timeseries",
    "lex/httplex",
    "trace"
  ]
  revision = "ab555f366c4508dbe0802550b1b20c46c5c18aa0"

[[projects]]
  branch = "master"
  name = "golang.org/x/text"
  packages = [
    "collate",
    "collate/build",
    "internal/colltab",
    "internal/gen",
    "internal/tag",
    "internal/triegen",
    "internal/ucd",
    "language",
    "secure/bidirule",
    "transform",
    "unicode/bidi",
    "unicode/cldr",
    "unicode/norm",
    "unicode/rangetable"
  ]
  revision = "e19ae1496984b1c655b8044a65c0300a3c878dd3"

[[projects]]
  branch = "master"
  name = "google.golang.org/genproto"
  packages = [
    "googleapis/api/annotations",
    "googleapis/rpc/status"
  ]
  revision = "a8101f21cf983e773d0c1133ebc5424792003214"

[[projects]]
  name = "google.golang.org/grpc"
  packages = [
    ".",
    "balancer",
    "balancer/base",
    "balancer/roundrobin",
    "codes",
    "connectivity",
    "credentials",
    "encoding",
    "grpclb/grpc_lb_v1/messages",
    "grpclog",
    "internal",
    "keepalive",
    "metadata",
    "naming",
    "peer",
    "resolver",
    "resolver/dns",
    "resolver/passthrough",
    "stats",
    "status",
    "tap",
    "transport"
  ]
  revision = "7cea4cc846bcf00cbb27595b07da5de875ef7de9"
  version = "v1.9.1"

[solve-meta]
  analyzer-name = "dep"
  analyzer-version = 1
  inputs-digest = "bef5e0ba19f3640c886d85504a596e4c93113c4e2a8a3784bc1bdd06006c9c80"
  solver-name = "gps-cdcl"
  solver-version = 1
