# This file is autogenerated, do not edit; changes may be undone by the next 'dep ensure'.


[[projects]]
  digest = "1:8e47871087b94913898333f37af26732faaab30cdb41571136cf7aec9921dae7"
  name = "github.com/PuerkitoBio/purell"
  packages = ["."]
  pruneopts = ""
  revision = "0bcb03f4b4d0a9428594752bd2a3b9aa0a9d4bd4"
  version = "v1.1.0"

[[projects]]
  branch = "master"
  digest = "1:331a419049c2be691e5ba1d24342fc77c7e767a80c666a18fd8a9f7b82419c1c"
  name = "github.com/PuerkitoBio/urlesc"
  packages = ["."]
  pruneopts = ""
  revision = "de5bf2ad457846296e2031421a34e2568e304e35"

[[projects]]
  digest = "1:d8a2bb36a048d1571bcc1aee208b61f39dc16c6c53823feffd37449dde162507"
  name = "github.com/asaskevich/govalidator"
  packages = ["."]
  pruneopts = ""
  revision = "ccb8e960c48f04d6935e72476ae4a51028f9e22f"
  version = "v9"

[[projects]]
  branch = "master"
  digest = "1:209f213526a6c3f2d6ef431bb4303bd97fa4af8350e67b5b4d43b53fd469a005"
  name = "github.com/fnproject/fdk-go"
  packages = [
    ".",
    "utils",
  ]
  pruneopts = ""
  revision = "1eb29530716f262bad5b83eb9a5b3f7483636949"

[[projects]]
  branch = "use-fn-id"
  digest = "1:c44e98913f96d9e0a305b2d04f6d17786f8cbd8e5768a520b6c93742e3ee65e1"
  name = "github.com/fnproject/flow-lib-go"
  packages = [
    ".",
    "blobstore",
    "client",
    "client/flow_service",
    "models",
  ]
  pruneopts = ""
  revision = "a698b63f4ee447f4ade9ca53bb097e5a3df94b4d"

[[projects]]
  digest = "1:f729ab4863cde69a2afe8703ed0f12050eb2f46d3a18e972dd953e42b118217a"
  name = "github.com/go-openapi/analysis"
  packages = [
    ".",
    "internal",
  ]
  pruneopts = ""
  revision = "7c1bef8f6d9fa6148ce0d8a0ebf5339a084a6639"
  version = "0.16.0"

[[projects]]
  branch = "master"
  digest = "1:6d57df048252cc58e69dbff130b563c94d8aaee8978db5c5b81aa27630136f35"
  name = "github.com/go-openapi/errors"
  packages = ["."]
  pruneopts = ""
  revision = "87bb653288778f8b0d922c5c3fb8b3f00a47ff28"

[[projects]]
  digest = "1:e116a4866bffeec941056a1fcfd37e520fad1ee60e4e3579719f19a43c392e10"
  name = "github.com/go-openapi/jsonpointer"
  packages = ["."]
  pruneopts = ""
  revision = "3a0015ad55fa9873f41605d3e8f28cd279c32ab2"
  version = "0.16.0"

[[projects]]
  digest = "1:3830527ef0f4f9b268d9286661c0f52f9115f8aefd9f45ee7352516f93489ac9"
  name = "github.com/go-openapi/jsonreference"
  packages = ["."]
  pruneopts = ""
  revision = "3fb327e6747da3043567ee86abd02bb6376b6be2"
  version = "0.16.0"

[[projects]]
  digest = "1:c4a8c916364abeda1c5cf36684320298bbf4d87718b0b2bd9c4ca663157fdc75"
  name = "github.com/go-openapi/loads"
  packages = ["."]
  pruneopts = ""
  revision = "2a2b323bab96e6b1fdee110e57d959322446e9c9"
  version = "0.16.0"

[[projects]]
  branch = "master"
  digest = "1:ccbaa460e8744839e91e418d6aa9761eef6be5e6c64439c181e4413d1b5cbefd"
  name = "github.com/go-openapi/runtime"
  packages = [
    ".",
    "client",
    "logger",
    "middleware",
    "middleware/denco",
    "middleware/header",
    "middleware/untyped",
    "security",
  ]
  pruneopts = ""
  revision = "d9c45e0a7fc845ce535233f4022219b66b240fd5"

[[projects]]
  digest = "1:222a38a6f9a0bac95fa14fb97b0bf4734dd652a3341306aa79dda33980d91f42"
  name = "github.com/go-openapi/spec"
  packages = ["."]
  pruneopts = ""
  revision = "384415f06ee238aae1df5caad877de6ceac3a5c4"
  version = "0.16.0"

[[projects]]
  branch = "master"
  digest = "1:f673468a91e5727c6cde9601c527331d861784bc6f2a39c062be725b63afac46"
  name = "github.com/go-openapi/strfmt"
  packages = ["."]
  pruneopts = ""
  revision = "6292e8b5de3b3535638b89eb165304ffa1e7cfae"

[[projects]]
  branch = "master"
  digest = "1:a4c52ae4df96d1b9183cb28a9b7dbb64ca7e987e966af3142c12375b6f185954"
  name = "github.com/go-openapi/swag"
  packages = ["."]
  pruneopts = ""
  revision = "0dc164b7900e799f72456fa00bbdfbd362deed9b"

[[projects]]
  branch = "master"
  digest = "1:a7b612573104e8d501759fb9696f8cd7e9969236135817f4795cf0036e51d840"
  name = "github.com/go-openapi/validate"
  packages = ["."]
  pruneopts = ""
  revision = "e0648ff405079d973622f8b2bf739ed3a1c5cd9b"

[[projects]]
  branch = "master"
  digest = "1:212bebc561f4f654a653225868b2a97353cd5e160dc0b0bbc7232b06608474ec"
  name = "github.com/mailru/easyjson"
  packages = [
    "buffer",
    "jlexer",
    "jwriter",
  ]
  pruneopts = ""
  revision = "60711f1a8329503b04e1c88535f419d0bb440bff"

[[projects]]
  digest = "1:5219b4506253ccc598f9340677162a42d6a78f340a4cc6df2d62db4d0593c4e9"
  name = "github.com/mitchellh/mapstructure"
  packages = ["."]
  pruneopts = ""
  revision = "fa473d140ef3c6adf42d6b391fe76707f1f243c8"
  version = "v1.0.0"

[[projects]]
  branch = "master"
  digest = "1:7dd0f1b8c8bd70dbae4d3ed3fbfaec224e2b27bcc0fc65882d6f1dba5b1f6e22"
  name = "golang.org/x/net"
  packages = [
    "context",
    "context/ctxhttp",
    "idna",
  ]
  pruneopts = ""
  revision = "8a410e7b638dca158bf9e766925842f6651ff828"

[[projects]]
  digest = "1:5acd3512b047305d49e8763eef7ba423901e85d5dd2fd1e71778a0ea8de10bd4"
  name = "golang.org/x/text"
  packages = [
    "collate",
    "collate/build",
    "internal/colltab",
    "internal/gen",
    "internal/tag",
    "internal/triegen",
    "internal/ucd",
    "language",
    "secure/bidirule",
    "transform",
    "unicode/bidi",
    "unicode/cldr",
    "unicode/norm",
    "unicode/rangetable",
    "width",
  ]
  pruneopts = ""
  revision = "f21a4dfb5e38f5895301dc265a8def02365cc3d0"
  version = "v0.3.0"

[[projects]]
  branch = "v2"
  digest = "1:f54ba71a035aac92ced3e902d2bff3734a15d1891daff73ec0f90ef236750139"
  name = "gopkg.in/mgo.v2"
  packages = [
    "bson",
    "internal/json",
  ]
  pruneopts = ""
  revision = "9856a29383ce1c59f308dd1cf0363a79b5bef6b5"

[[projects]]
  digest = "1:f0620375dd1f6251d9973b5f2596228cc8042e887cd7f827e4220bc1ce8c30e2"
  name = "gopkg.in/yaml.v2"
  packages = ["."]
  pruneopts = ""
  revision = "5420a8b6744d3b0345ab293f6fcba19c978f1183"
  version = "v2.2.1"

[solve-meta]
  analyzer-name = "dep"
  analyzer-version = 1
  input-imports = [
    "github.com/fnproject/fdk-go",
    "github.com/fnproject/flow-lib-go",
  ]
  solver-name = "gps-cdcl"
  solver-version = 1
